
Microsoft Visual Studio Solution File, Format Version 12.00
# Visual Studio Version 16
VisualStudioVersion = 16.0.32510.428
MinimumVisualStudioVersion = 10.0.40219.1
Project("{FAE04EC0-301F-11D3-BF4B-00C04F79EFBC}") = "windows-cep-calculator", "windows-cep-calculator\windows-cep-calculator.csproj", "{495EF0E2-F0F4-4714-96AD-661CD59ED598}"
EndProject
Global
	GlobalSection(SolutionConfigurationPlatforms) = preSolution
		Debug|Any CPU = Debug|Any CPU
		Release|Any CPU = Release|Any CPU
	EndGlobalSection
	GlobalSection(ProjectConfigurationPlatforms) = postSolution
		{495EF0E2-F0F4-4714-96AD-661CD59ED598}.Debug|Any CPU.ActiveCfg = Debug|Any CPU
		{495EF0E2-F0F4-4714-96AD-661CD59ED598}.Debug|Any CPU.Build.0 = Debug|Any CPU
		{495EF0E2-F0F4-4714-96AD-661CD59ED598}.Release|Any CPU.ActiveCfg = Release|Any CPU
		{495EF0E2-F0F4-4714-96AD-661CD59ED598}.Release|Any CPU.Build.0 = Release|Any CPU
	EndGlobalSection
	GlobalSection(SolutionProperties) = preSolution
		HideSolutionNode = FALSE
	EndGlobalSection
	GlobalSection(ExtensibilityGlobals) = postSolution
		SolutionGuid = {08E6702D-8482-40B9-BCDA-0B8263220A43}
	EndGlobalSection
EndGlobal
